
Microsoft Visual Studio Solution File, Format Version 12.00
# Visual Studio 15
VisualStudioVersion = 15.0.26430.14
MinimumVisualStudioVersion = 10.0.40219.1
Project("{FAE04EC0-301F-11D3-BF4B-00C04F79EFBC}") = "BrizuelaRuizEsau_Proyecto.Android", "BrizuelaRuizEsau-Proyecto\BrizuelaRuizEsau_Proyecto.Android\BrizuelaRuizEsau_Proyecto.Android.csproj", "{6449F15B-330B-4928-8CA3-910AC8B31F9C}"
EndProject
Project("{FAE04EC0-301F-11D3-BF4B-00C04F79EFBC}") = "BrizuelaRuizEsau_Proyecto", "BrizuelaRuizEsau-Proyecto\BrizuelaRuizEsau_Proyecto\BrizuelaRuizEsau_Proyecto.csproj", "{00F83352-246E-463B-8F26-C6838CEBEF8F}"
EndProject
Project("{FAE04EC0-301F-11D3-BF4B-00C04F79EFBC}") = "BrizuelaRuizEsau_Proyecto.UWP", "BrizuelaRuizEsau-Proyecto\BrizuelaRuizEsau_Proyecto.UWP\BrizuelaRuizEsau_Proyecto.UWP.csproj", "{6E93FB77-B64C-470C-AA01-D6D0E8E941E0}"
EndProject
Project("{FAE04EC0-301F-11D3-BF4B-00C04F79EFBC}") = "BrizuelaRuizEsau_Proyecto.iOS", "BrizuelaRuizEsau-Proyecto\BrizuelaRuizEsau_Proyecto.iOS\BrizuelaRuizEsau_Proyecto.iOS.csproj", "{8BB3022A-05C2-47A7-9ECB-8D861FE9BF56}"
EndProject
Global
	GlobalSection(SolutionConfigurationPlatforms) = preSolution
		Ad-Hoc|Any CPU = Ad-Hoc|Any CPU
		Ad-Hoc|ARM = Ad-Hoc|ARM
		Ad-Hoc|iPhone = Ad-Hoc|iPhone
		Ad-Hoc|iPhoneSimulator = Ad-Hoc|iPhoneSimulator
		Ad-Hoc|x64 = Ad-Hoc|x64
		Ad-Hoc|x86 = Ad-Hoc|x86
		AppStore|Any CPU = AppStore|Any CPU
		AppStore|ARM = AppStore|ARM
		AppStore|iPhone = AppStore|iPhone
		AppStore|iPhoneSimulator = AppStore|iPhoneSimulator
		AppStore|x64 = AppStore|x64
		AppStore|x86 = AppStore|x86
		Debug|Any CPU = Debug|Any CPU
		Debug|ARM = Debug|ARM
		Debug|iPhone = Debug|iPhone
		Debug|iPhoneSimulator = Debug|iPhoneSimulator
		Debug|x64 = Debug|x64
		Debug|x86 = Debug|x86
		Release|Any CPU = Release|Any CPU
		Release|ARM = Release|ARM
		Release|iPhone = Release|iPhone
		Release|iPhoneSimulator = Release|iPhoneSimulator
		Release|x64 = Release|x64
		Release|x86 = Release|x86
	EndGlobalSection
	GlobalSection(ProjectConfigurationPlatforms) = postSolution
		{6449F15B-330B-4928-8CA3-910AC8B31F9C}.Ad-Hoc|Any CPU.ActiveCfg = Release|Any CPU
		{6449F15B-330B-4928-8CA3-910AC8B31F9C}.Ad-Hoc|Any CPU.Build.0 = Release|Any CPU
		{6449F15B-330B-4928-8CA3-910AC8B31F9C}.Ad-Hoc|Any CPU.Deploy.0 = Release|Any CPU
		{6449F15B-330B-4928-8CA3-910AC8B31F9C}.Ad-Hoc|ARM.ActiveCfg = Release|Any CPU
		{6449F15B-330B-4928-8CA3-910AC8B31F9C}.Ad-Hoc|ARM.Build.0 = Release|Any CPU
		{6449F15B-330B-4928-8CA3-910AC8B31F9C}.Ad-Hoc|ARM.Deploy.0 = Release|Any CPU
		{6449F15B-330B-4928-8CA3-910AC8B31F9C}.Ad-Hoc|iPhone.ActiveCfg = Release|Any CPU
		{6449F15B-330B-4928-8CA3-910AC8B31F9C}.Ad-Hoc|iPhone.Build.0 = Release|Any CPU
		{6449F15B-330B-4928-8CA3-910AC8B31F9C}.Ad-Hoc|iPhone.Deploy.0 = Release|Any CPU
		{6449F15B-330B-4928-8CA3-910AC8B31F9C}.Ad-Hoc|iPhoneSimulator.ActiveCfg = Release|Any CPU
		{6449F15B-330B-4928-8CA3-910AC8B31F9C}.Ad-Hoc|iPhoneSimulator.Build.0 = Release|Any CPU
		{6449F15B-330B-4928-8CA3-910AC8B31F9C}.Ad-Hoc|iPhoneSimulator.Deploy.0 = Release|Any CPU
		{6449F15B-330B-4928-8CA3-910AC8B31F9C}.Ad-Hoc|x64.ActiveCfg = Release|Any CPU
		{6449F15B-330B-4928-8CA3-910AC8B31F9C}.Ad-Hoc|x64.Build.0 = Release|Any CPU
		{6449F15B-330B-4928-8CA3-910AC8B31F9C}.Ad-Hoc|x64.Deploy.0 = Release|Any CPU
		{6449F15B-330B-4928-8CA3-910AC8B31F9C}.Ad-Hoc|x86.ActiveCfg = Release|Any CPU
		{6449F15B-330B-4928-8CA3-910AC8B31F9C}.Ad-Hoc|x86.Build.0 = Release|Any CPU
		{6449F15B-330B-4928-8CA3-910AC8B31F9C}.Ad-Hoc|x86.Deploy.0 = Release|Any CPU
		{6449F15B-330B-4928-8CA3-910AC8B31F9C}.AppStore|Any CPU.ActiveCfg = Release|Any CPU
		{6449F15B-330B-4928-8CA3-910AC8B31F9C}.AppStore|Any CPU.Build.0 = Release|Any CPU
		{6449F15B-330B-4928-8CA3-910AC8B31F9C}.AppStore|Any CPU.Deploy.0 = Release|Any CPU
		{6449F15B-330B-4928-8CA3-910AC8B31F9C}.AppStore|ARM.ActiveCfg = Release|Any CPU
		{6449F15B-330B-4928-8CA3-910AC8B31F9C}.AppStore|ARM.Build.0 = Release|Any CPU
		{6449F15B-330B-4928-8CA3-910AC8B31F9C}.AppStore|ARM.Deploy.0 = Release|Any CPU
		{6449F15B-330B-4928-8CA3-910AC8B31F9C}.AppStore|iPhone.ActiveCfg = Release|Any CPU
		{6449F15B-330B-4928-8CA3-910AC8B31F9C}.AppStore|iPhone.Build.0 = Release|Any CPU
		{6449F15B-330B-4928-8CA3-910AC8B31F9C}.AppStore|iPhone.Deploy.0 = Release|Any CPU
		{6449F15B-330B-4928-8CA3-910AC8B31F9C}.AppStore|iPhoneSimulator.ActiveCfg = Release|Any CPU
		{6449F15B-330B-4928-8CA3-910AC8B31F9C}.AppStore|iPhoneSimulator.Build.0 = Release|Any CPU
		{6449F15B-330B-4928-8CA3-910AC8B31F9C}.AppStore|iPhoneSimulator.Deploy.0 = Release|Any CPU
		{6449F15B-330B-4928-8CA3-910AC8B31F9C}.AppStore|x64.ActiveCfg = Release|Any CPU
		{6449F15B-330B-4928-8CA3-910AC8B31F9C}.AppStore|x64.Build.0 = Release|Any CPU
		{6449F15B-330B-4928-8CA3-910AC8B31F9C}.AppStore|x64.Deploy.0 = Release|Any CPU
		{6449F15B-330B-4928-8CA3-910AC8B31F9C}.AppStore|x86.ActiveCfg = Release|Any CPU
		{6449F15B-330B-4928-8CA3-910AC8B31F9C}.AppStore|x86.Build.0 = Release|Any CPU
		{6449F15B-330B-4928-8CA3-910AC8B31F9C}.AppStore|x86.Deploy.0 = Release|Any CPU
		{6449F15B-330B-4928-8CA3-910AC8B31F9C}.Debug|Any CPU.ActiveCfg = Debug|Any CPU
		{6449F15B-330B-4928-8CA3-910AC8B31F9C}.Debug|Any CPU.Build.0 = Debug|Any CPU
		{6449F15B-330B-4928-8CA3-910AC8B31F9C}.Debug|Any CPU.Deploy.0 = Debug|Any CPU
		{6449F15B-330B-4928-8CA3-910AC8B31F9C}.Debug|ARM.ActiveCfg = Debug|Any CPU
		{6449F15B-330B-4928-8CA3-910AC8B31F9C}.Debug|ARM.Build.0 = Debug|Any CPU
		{6449F15B-330B-4928-8CA3-910AC8B31F9C}.Debug|ARM.Deploy.0 = Debug|Any CPU
		{6449F15B-330B-4928-8CA3-910AC8B31F9C}.Debug|iPhone.ActiveCfg = Debug|Any CPU
		{6449F15B-330B-4928-8CA3-910AC8B31F9C}.Debug|iPhone.Build.0 = Debug|Any CPU
		{6449F15B-330B-4928-8CA3-910AC8B31F9C}.Debug|iPhone.Deploy.0 = Debug|Any CPU
		{6449F15B-330B-4928-8CA3-910AC8B31F9C}.Debug|iPhoneSimulator.ActiveCfg = Debug|Any CPU
		{6449F15B-330B-4928-8CA3-910AC8B31F9C}.Debug|iPhoneSimulator.Build.0 = Debug|Any CPU
		{6449F15B-330B-4928-8CA3-910AC8B31F9C}.Debug|iPhoneSimulator.Deploy.0 = Debug|Any CPU
		{6449F15B-330B-4928-8CA3-910AC8B31F9C}.Debug|x64.ActiveCfg = Debug|Any CPU
		{6449F15B-330B-4928-8CA3-910AC8B31F9C}.Debug|x64.Build.0 = Debug|Any CPU
		{6449F15B-330B-4928-8CA3-910AC8B31F9C}.Debug|x64.Deploy.0 = Debug|Any CPU
		{6449F15B-330B-4928-8CA3-910AC8B31F9C}.Debug|x86.ActiveCfg = Debug|Any CPU
		{6449F15B-330B-4928-8CA3-910AC8B31F9C}.Debug|x86.Build.0 = Debug|Any CPU
		{6449F15B-330B-4928-8CA3-910AC8B31F9C}.Debug|x86.Deploy.0 = Debug|Any CPU
		{6449F15B-330B-4928-8CA3-910AC8B31F9C}.Release|Any CPU.ActiveCfg = Release|Any CPU
		{6449F15B-330B-4928-8CA3-910AC8B31F9C}.Release|Any CPU.Build.0 = Release|Any CPU
		{6449F15B-330B-4928-8CA3-910AC8B31F9C}.Release|Any CPU.Deploy.0 = Release|Any CPU
		{6449F15B-330B-4928-8CA3-910AC8B31F9C}.Release|ARM.ActiveCfg = Release|Any CPU
		{6449F15B-330B-4928-8CA3-910AC8B31F9C}.Release|ARM.Build.0 = Release|Any CPU
		{6449F15B-330B-4928-8CA3-910AC8B31F9C}.Release|ARM.Deploy.0 = Release|Any CPU
		{6449F15B-330B-4928-8CA3-910AC8B31F9C}.Release|iPhone.ActiveCfg = Release|Any CPU
		{6449F15B-330B-4928-8CA3-910AC8B31F9C}.Release|iPhone.Build.0 = Release|Any CPU
		{6449F15B-330B-4928-8CA3-910AC8B31F9C}.Release|iPhone.Deploy.0 = Release|Any CPU
		{6449F15B-330B-4928-8CA3-910AC8B31F9C}.Release|iPhoneSimulator.ActiveCfg = Release|Any CPU
		{6449F15B-330B-4928-8CA3-910AC8B31F9C}.Release|iPhoneSimulator.Build.0 = Release|Any CPU
		{6449F15B-330B-4928-8CA3-910AC8B31F9C}.Release|iPhoneSimulator.Deploy.0 = Release|Any CPU
		{6449F15B-330B-4928-8CA3-910AC8B31F9C}.Release|x64.ActiveCfg = Release|Any CPU
		{6449F15B-330B-4928-8CA3-910AC8B31F9C}.Release|x64.Build.0 = Release|Any CPU
		{6449F15B-330B-4928-8CA3-910AC8B31F9C}.Release|x64.Deploy.0 = Release|Any CPU
		{6449F15B-330B-4928-8CA3-910AC8B31F9C}.Release|x86.ActiveCfg = Release|Any CPU
		{6449F15B-330B-4928-8CA3-910AC8B31F9C}.Release|x86.Build.0 = Release|Any CPU
		{6449F15B-330B-4928-8CA3-910AC8B31F9C}.Release|x86.Deploy.0 = Release|Any CPU
		{00F83352-246E-463B-8F26-C6838CEBEF8F}.Ad-Hoc|Any CPU.ActiveCfg = Release|Any CPU
		{00F83352-246E-463B-8F26-C6838CEBEF8F}.Ad-Hoc|Any CPU.Build.0 = Release|Any CPU
		{00F83352-246E-463B-8F26-C6838CEBEF8F}.Ad-Hoc|ARM.ActiveCfg = Release|Any CPU
		{00F83352-246E-463B-8F26-C6838CEBEF8F}.Ad-Hoc|ARM.Build.0 = Release|Any CPU
		{00F83352-246E-463B-8F26-C6838CEBEF8F}.Ad-Hoc|iPhone.ActiveCfg = Release|Any CPU
		{00F83352-246E-463B-8F26-C6838CEBEF8F}.Ad-Hoc|iPhone.Build.0 = Release|Any CPU
		{00F83352-246E-463B-8F26-C6838CEBEF8F}.Ad-Hoc|iPhoneSimulator.ActiveCfg = Release|Any CPU
		{00F83352-246E-463B-8F26-C6838CEBEF8F}.Ad-Hoc|iPhoneSimulator.Build.0 = Release|Any CPU
		{00F83352-246E-463B-8F26-C6838CEBEF8F}.Ad-Hoc|x64.ActiveCfg = Release|Any CPU
		{00F83352-246E-463B-8F26-C6838CEBEF8F}.Ad-Hoc|x64.Build.0 = Release|Any CPU
		{00F83352-246E-463B-8F26-C6838CEBEF8F}.Ad-Hoc|x86.ActiveCfg = Release|Any CPU
		{00F83352-246E-463B-8F26-C6838CEBEF8F}.Ad-Hoc|x86.Build.0 = Release|Any CPU
		{00F83352-246E-463B-8F26-C6838CEBEF8F}.AppStore|Any CPU.ActiveCfg = Release|Any CPU
		{00F83352-246E-463B-8F26-C6838CEBEF8F}.AppStore|Any CPU.Build.0 = Release|Any CPU
		{00F83352-246E-463B-8F26-C6838CEBEF8F}.AppStore|ARM.ActiveCfg = Release|Any CPU
		{00F83352-246E-463B-8F26-C6838CEBEF8F}.AppStore|ARM.Build.0 = Release|Any CPU
		{00F83352-246E-463B-8F26-C6838CEBEF8F}.AppStore|iPhone.ActiveCfg = Release|Any CPU
		{00F83352-246E-463B-8F26-C6838CEBEF8F}.AppStore|iPhone.Build.0 = Release|Any CPU
		{00F83352-246E-463B-8F26-C6838CEBEF8F}.AppStore|iPhoneSimulator.ActiveCfg = Release|Any CPU
		{00F83352-246E-463B-8F26-C6838CEBEF8F}.AppStore|iPhoneSimulator.Build.0 = Release|Any CPU
		{00F83352-246E-463B-8F26-C6838CEBEF8F}.AppStore|x64.ActiveCfg = Release|Any CPU
		{00F83352-246E-463B-8F26-C6838CEBEF8F}.AppStore|x64.Build.0 = Release|Any CPU
		{00F83352-246E-463B-8F26-C6838CEBEF8F}.AppStore|x86.ActiveCfg = Release|Any CPU
		{00F83352-246E-463B-8F26-C6838CEBEF8F}.AppStore|x86.Build.0 = Release|Any CPU
		{00F83352-246E-463B-8F26-C6838CEBEF8F}.Debug|Any CPU.ActiveCfg = Debug|Any CPU
		{00F83352-246E-463B-8F26-C6838CEBEF8F}.Debug|Any CPU.Build.0 = Debug|Any CPU
		{00F83352-246E-463B-8F26-C6838CEBEF8F}.Debug|ARM.ActiveCfg = Debug|Any CPU
		{00F83352-246E-463B-8F26-C6838CEBEF8F}.Debug|ARM.Build.0 = Debug|Any CPU
		{00F83352-246E-463B-8F26-C6838CEBEF8F}.Debug|iPhone.ActiveCfg = Debug|Any CPU
		{00F83352-246E-463B-8F26-C6838CEBEF8F}.Debug|iPhone.Build.0 = Debug|Any CPU
		{00F83352-246E-463B-8F26-C6838CEBEF8F}.Debug|iPhoneSimulator.ActiveCfg = Debug|Any CPU
		{00F83352-246E-463B-8F26-C6838CEBEF8F}.Debug|iPhoneSimulator.Build.0 = Debug|Any CPU
		{00F83352-246E-463B-8F26-C6838CEBEF8F}.Debug|x64.ActiveCfg = Debug|Any CPU
		{00F83352-246E-463B-8F26-C6838CEBEF8F}.Debug|x64.Build.0 = Debug|Any CPU
		{00F83352-246E-463B-8F26-C6838CEBEF8F}.Debug|x86.ActiveCfg = Debug|Any CPU
		{00F83352-246E-463B-8F26-C6838CEBEF8F}.Debug|x86.Build.0 = Debug|Any CPU
		{00F83352-246E-463B-8F26-C6838CEBEF8F}.Release|Any CPU.ActiveCfg = Release|Any CPU
		{00F83352-246E-463B-8F26-C6838CEBEF8F}.Release|Any CPU.Build.0 = Release|Any CPU
		{00F83352-246E-463B-8F26-C6838CEBEF8F}.Release|ARM.ActiveCfg = Release|Any CPU
		{00F83352-246E-463B-8F26-C6838CEBEF8F}.Release|ARM.Build.0 = Release|Any CPU
		{00F83352-246E-463B-8F26-C6838CEBEF8F}.Release|iPhone.ActiveCfg = Release|Any CPU
		{00F83352-246E-463B-8F26-C6838CEBEF8F}.Release|iPhone.Build.0 = Release|Any CPU
		{00F83352-246E-463B-8F26-C6838CEBEF8F}.Release|iPhoneSimulator.ActiveCfg = Release|Any CPU
		{00F83352-246E-463B-8F26-C6838CEBEF8F}.Release|iPhoneSimulator.Build.0 = Release|Any CPU
		{00F83352-246E-463B-8F26-C6838CEBEF8F}.Release|x64.ActiveCfg = Release|Any CPU
		{00F83352-246E-463B-8F26-C6838CEBEF8F}.Release|x64.Build.0 = Release|Any CPU
		{00F83352-246E-463B-8F26-C6838CEBEF8F}.Release|x86.ActiveCfg = Release|Any CPU
		{00F83352-246E-463B-8F26-C6838CEBEF8F}.Release|x86.Build.0 = Release|Any CPU
		{6E93FB77-B64C-470C-AA01-D6D0E8E941E0}.Ad-Hoc|Any CPU.ActiveCfg = Release|x86
		{6E93FB77-B64C-470C-AA01-D6D0E8E941E0}.Ad-Hoc|Any CPU.Build.0 = Release|x86
		{6E93FB77-B64C-470C-AA01-D6D0E8E941E0}.Ad-Hoc|Any CPU.Deploy.0 = Release|x86
		{6E93FB77-B64C-470C-AA01-D6D0E8E941E0}.Ad-Hoc|ARM.ActiveCfg = Release|ARM
		{6E93FB77-B64C-470C-AA01-D6D0E8E941E0}.Ad-Hoc|ARM.Build.0 = Release|ARM
		{6E93FB77-B64C-470C-AA01-D6D0E8E941E0}.Ad-Hoc|ARM.Deploy.0 = Release|ARM
		{6E93FB77-B64C-470C-AA01-D6D0E8E941E0}.Ad-Hoc|iPhone.ActiveCfg = Release|x86
		{6E93FB77-B64C-470C-AA01-D6D0E8E941E0}.Ad-Hoc|iPhone.Build.0 = Release|x86
		{6E93FB77-B64C-470C-AA01-D6D0E8E941E0}.Ad-Hoc|iPhone.Deploy.0 = Release|x86
		{6E93FB77-B64C-470C-AA01-D6D0E8E941E0}.Ad-Hoc|iPhoneSimulator.ActiveCfg = Release|x86
		{6E93FB77-B64C-470C-AA01-D6D0E8E941E0}.Ad-Hoc|iPhoneSimulator.Build.0 = Release|x86
		{6E93FB77-B64C-470C-AA01-D6D0E8E941E0}.Ad-Hoc|iPhoneSimulator.Deploy.0 = Release|x86
		{6E93FB77-B64C-470C-AA01-D6D0E8E941E0}.Ad-Hoc|x64.ActiveCfg = Release|x64
		{6E93FB77-B64C-470C-AA01-D6D0E8E941E0}.Ad-Hoc|x64.Build.0 = Release|x64
		{6E93FB77-B64C-470C-AA01-D6D0E8E941E0}.Ad-Hoc|x64.Deploy.0 = Release|x64
		{6E93FB77-B64C-470C-AA01-D6D0E8E941E0}.Ad-Hoc|x86.ActiveCfg = Release|x86
		{6E93FB77-B64C-470C-AA01-D6D0E8E941E0}.Ad-Hoc|x86.Build.0 = Release|x86
		{6E93FB77-B64C-470C-AA01-D6D0E8E941E0}.Ad-Hoc|x86.Deploy.0 = Release|x86
		{6E93FB77-B64C-470C-AA01-D6D0E8E941E0}.AppStore|Any CPU.ActiveCfg = Release|x86
		{6E93FB77-B64C-470C-AA01-D6D0E8E941E0}.AppStore|Any CPU.Build.0 = Release|x86
		{6E93FB77-B64C-470C-AA01-D6D0E8E941E0}.AppStore|Any CPU.Deploy.0 = Release|x86
		{6E93FB77-B64C-470C-AA01-D6D0E8E941E0}.AppStore|ARM.ActiveCfg = Release|ARM
		{6E93FB77-B64C-470C-AA01-D6D0E8E941E0}.AppStore|ARM.Build.0 = Release|ARM
		{6E93FB77-B64C-470C-AA01-D6D0E8E941E0}.AppStore|ARM.Deploy.0 = Release|ARM
		{6E93FB77-B64C-470C-AA01-D6D0E8E941E0}.AppStore|iPhone.ActiveCfg = Release|x86
		{6E93FB77-B64C-470C-AA01-D6D0E8E941E0}.AppStore|iPhone.Build.0 = Release|x86
		{6E93FB77-B64C-470C-AA01-D6D0E8E941E0}.AppStore|iPhone.Deploy.0 = Release|x86
		{6E93FB77-B64C-470C-AA01-D6D0E8E941E0}.AppStore|iPhoneSimulator.ActiveCfg = Release|x86
		{6E93FB77-B64C-470C-AA01-D6D0E8E941E0}.AppStore|iPhoneSimulator.Build.0 = Release|x86
		{6E93FB77-B64C-470C-AA01-D6D0E8E941E0}.AppStore|iPhoneSimulator.Deploy.0 = Release|x86
		{6E93FB77-B64C-470C-AA01-D6D0E8E941E0}.AppStore|x64.ActiveCfg = Release|x64
		{6E93FB77-B64C-470C-AA01-D6D0E8E941E0}.AppStore|x64.Build.0 = Release|x64
		{6E93FB77-B64C-470C-AA01-D6D0E8E941E0}.AppStore|x64.Deploy.0 = Release|x64
		{6E93FB77-B64C-470C-AA01-D6D0E8E941E0}.AppStore|x86.ActiveCfg = Release|x86
		{6E93FB77-B64C-470C-AA01-D6D0E8E941E0}.AppStore|x86.Build.0 = Release|x86
		{6E93FB77-B64C-470C-AA01-D6D0E8E941E0}.AppStore|x86.Deploy.0 = Release|x86
		{6E93FB77-B64C-470C-AA01-D6D0E8E941E0}.Debug|Any CPU.ActiveCfg = Debug|x86
		{6E93FB77-B64C-470C-AA01-D6D0E8E941E0}.Debug|ARM.ActiveCfg = Debug|ARM
		{6E93FB77-B64C-470C-AA01-D6D0E8E941E0}.Debug|ARM.Build.0 = Debug|ARM
		{6E93FB77-B64C-470C-AA01-D6D0E8E941E0}.Debug|ARM.Deploy.0 = Debug|ARM
		{6E93FB77-B64C-470C-AA01-D6D0E8E941E0}.Debug|iPhone.ActiveCfg = Debug|x86
		{6E93FB77-B64C-470C-AA01-D6D0E8E941E0}.Debug|iPhoneSimulator.ActiveCfg = Debug|x86
		{6E93FB77-B64C-470C-AA01-D6D0E8E941E0}.Debug|x64.ActiveCfg = Debug|x64
		{6E93FB77-B64C-470C-AA01-D6D0E8E941E0}.Debug|x64.Build.0 = Debug|x64
		{6E93FB77-B64C-470C-AA01-D6D0E8E941E0}.Debug|x64.Deploy.0 = Debug|x64
		{6E93FB77-B64C-470C-AA01-D6D0E8E941E0}.Debug|x86.ActiveCfg = Debug|x86
		{6E93FB77-B64C-470C-AA01-D6D0E8E941E0}.Debug|x86.Build.0 = Debug|x86
		{6E93FB77-B64C-470C-AA01-D6D0E8E941E0}.Debug|x86.Deploy.0 = Debug|x86
		{6E93FB77-B64C-470C-AA01-D6D0E8E941E0}.Release|Any CPU.ActiveCfg = Release|x86
		{6E93FB77-B64C-470C-AA01-D6D0E8E941E0}.Release|ARM.ActiveCfg = Release|ARM
		{6E93FB77-B64C-470C-AA01-D6D0E8E941E0}.Release|ARM.Build.0 = Release|ARM
		{6E93FB77-B64C-470C-AA01-D6D0E8E941E0}.Release|ARM.Deploy.0 = Release|ARM
		{6E93FB77-B64C-470C-AA01-D6D0E8E941E0}.Release|iPhone.ActiveCfg = Release|x86
		{6E93FB77-B64C-470C-AA01-D6D0E8E941E0}.Release|iPhoneSimulator.ActiveCfg = Release|x86
		{6E93FB77-B64C-470C-AA01-D6D0E8E941E0}.Release|x64.ActiveCfg = Release|x64
		{6E93FB77-B64C-470C-AA01-D6D0E8E941E0}.Release|x64.Build.0 = Release|x64
		{6E93FB77-B64C-470C-AA01-D6D0E8E941E0}.Release|x64.Deploy.0 = Release|x64
		{6E93FB77-B64C-470C-AA01-D6D0E8E941E0}.Release|x86.ActiveCfg = Release|x86
		{6E93FB77-B64C-470C-AA01-D6D0E8E941E0}.Release|x86.Build.0 = Release|x86
		{6E93FB77-B64C-470C-AA01-D6D0E8E941E0}.Release|x86.Deploy.0 = Release|x86
		{8BB3022A-05C2-47A7-9ECB-8D861FE9BF56}.Ad-Hoc|Any CPU.ActiveCfg = Ad-Hoc|iPhone
		{8BB3022A-05C2-47A7-9ECB-8D861FE9BF56}.Ad-Hoc|ARM.ActiveCfg = Ad-Hoc|iPhone
		{8BB3022A-05C2-47A7-9ECB-8D861FE9BF56}.Ad-Hoc|iPhone.ActiveCfg = Ad-Hoc|iPhone
		{8BB3022A-05C2-47A7-9ECB-8D861FE9BF56}.Ad-Hoc|iPhone.Build.0 = Ad-Hoc|iPhone
		{8BB3022A-05C2-47A7-9ECB-8D861FE9BF56}.Ad-Hoc|iPhoneSimulator.ActiveCfg = Ad-Hoc|iPhoneSimulator
		{8BB3022A-05C2-47A7-9ECB-8D861FE9BF56}.Ad-Hoc|iPhoneSimulator.Build.0 = Ad-Hoc|iPhoneSimulator
		{8BB3022A-05C2-47A7-9ECB-8D861FE9BF56}.Ad-Hoc|x64.ActiveCfg = Ad-Hoc|iPhone
		{8BB3022A-05C2-47A7-9ECB-8D861FE9BF56}.Ad-Hoc|x86.ActiveCfg = Ad-Hoc|iPhone
		{8BB3022A-05C2-47A7-9ECB-8D861FE9BF56}.AppStore|Any CPU.ActiveCfg = AppStore|iPhone
		{8BB3022A-05C2-47A7-9ECB-8D861FE9BF56}.AppStore|ARM.ActiveCfg = AppStore|iPhone
		{8BB3022A-05C2-47A7-9ECB-8D861FE9BF56}.AppStore|iPhone.ActiveCfg = AppStore|iPhone
		{8BB3022A-05C2-47A7-9ECB-8D861FE9BF56}.AppStore|iPhone.Build.0 = AppStore|iPhone
		{8BB3022A-05C2-47A7-9ECB-8D861FE9BF56}.AppStore|iPhoneSimulator.ActiveCfg = AppStore|iPhoneSimulator
		{8BB3022A-05C2-47A7-9ECB-8D861FE9BF56}.AppStore|iPhoneSimulator.Build.0 = AppStore|iPhoneSimulator
		{8BB3022A-05C2-47A7-9ECB-8D861FE9BF56}.AppStore|x64.ActiveCfg = AppStore|iPhone
		{8BB3022A-05C2-47A7-9ECB-8D861FE9BF56}.AppStore|x86.ActiveCfg = AppStore|iPhone
		{8BB3022A-05C2-47A7-9ECB-8D861FE9BF56}.Debug|Any CPU.ActiveCfg = Debug|iPhone
		{8BB3022A-05C2-47A7-9ECB-8D861FE9BF56}.Debug|ARM.ActiveCfg = Debug|iPhone
		{8BB3022A-05C2-47A7-9ECB-8D861FE9BF56}.Debug|iPhone.ActiveCfg = Debug|iPhone
		{8BB3022A-05C2-47A7-9ECB-8D861FE9BF56}.Debug|iPhone.Build.0 = Debug|iPhone
		{8BB3022A-05C2-47A7-9ECB-8D861FE9BF56}.Debug|iPhoneSimulator.ActiveCfg = Debug|iPhoneSimulator
		{8BB3022A-05C2-47A7-9ECB-8D861FE9BF56}.Debug|iPhoneSimulator.Build.0 = Debug|iPhoneSimulator
		{8BB3022A-05C2-47A7-9ECB-8D861FE9BF56}.Debug|x64.ActiveCfg = Debug|iPhone
		{8BB3022A-05C2-47A7-9ECB-8D861FE9BF56}.Debug|x86.ActiveCfg = Debug|iPhone
		{8BB3022A-05C2-47A7-9ECB-8D861FE9BF56}.Release|Any CPU.ActiveCfg = Release|iPhone
		{8BB3022A-05C2-47A7-9ECB-8D861FE9BF56}.Release|ARM.ActiveCfg = Release|iPhone
		{8BB3022A-05C2-47A7-9ECB-8D861FE9BF56}.Release|iPhone.ActiveCfg = Release|iPhone
		{8BB3022A-05C2-47A7-9ECB-8D861FE9BF56}.Release|iPhone.Build.0 = Release|iPhone
		{8BB3022A-05C2-47A7-9ECB-8D861FE9BF56}.Release|iPhoneSimulator.ActiveCfg = Release|iPhoneSimulator
		{8BB3022A-05C2-47A7-9ECB-8D861FE9BF56}.Release|iPhoneSimulator.Build.0 = Release|iPhoneSimulator
		{8BB3022A-05C2-47A7-9ECB-8D861FE9BF56}.Release|x64.ActiveCfg = Release|iPhone
		{8BB3022A-05C2-47A7-9ECB-8D861FE9BF56}.Release|x86.ActiveCfg = Release|iPhone
	EndGlobalSection
	GlobalSection(SolutionProperties) = preSolution
		HideSolutionNode = FALSE
	EndGlobalSection
EndGlobal
